
Microsoft Visual Studio Solution File, Format Version 12.00
# Visual Studio Version 17
VisualStudioVersion = 17.6.33723.286
MinimumVisualStudioVersion = 10.0.40219.1
Project("{FAE04EC0-301F-11D3-BF4B-00C04F79EFBC}") = "KafkaSubscriber", "KafkaSubscriber\KafkaSubscriber.csproj", "{D2D4BC6B-0011-4529-A347-05EFAA0DA714}"
EndProject
Global
	GlobalSection(SolutionConfigurationPlatforms) = preSolution
		Debug|Any CPU = Debug|Any CPU
		Release|Any CPU = Release|Any CPU
	EndGlobalSection
	GlobalSection(ProjectConfigurationPlatforms) = postSolution
		{D2D4BC6B-0011-4529-A347-05EFAA0DA714}.Debug|Any CPU.ActiveCfg = Debug|Any CPU
		{D2D4BC6B-0011-4529-A347-05EFAA0DA714}.Debug|Any CPU.Build.0 = Debug|Any CPU
		{D2D4BC6B-0011-4529-A347-05EFAA0DA714}.Release|Any CPU.ActiveCfg = Release|Any CPU
		{D2D4BC6B-0011-4529-A347-05EFAA0DA714}.Release|Any CPU.Build.0 = Release|Any CPU
	EndGlobalSection
	GlobalSection(SolutionProperties) = preSolution
		HideSolutionNode = FALSE
	EndGlobalSection
	GlobalSection(ExtensibilityGlobals) = postSolution
		SolutionGuid = {C9DDDDF6-B835-48A1-B7D7-08E226634229}
	EndGlobalSection
EndGlobal
