
Microsoft Visual Studio Solution File, Format Version 12.00
# Visual Studio Version 17
VisualStudioVersion = 17.6.33723.286
MinimumVisualStudioVersion = 10.0.40219.1
Project("{FAE04EC0-301F-11D3-BF4B-00C04F79EFBC}") = "ActiveDirectory", "ActiveDirectory\ActiveDirectory.csproj", "{1E702F9C-B445-471A-BCC8-D148686044ED}"
EndProject
Global
	GlobalSection(SolutionConfigurationPlatforms) = preSolution
		Debug|Any CPU = Debug|Any CPU
		Release|Any CPU = Release|Any CPU
	EndGlobalSection
	GlobalSection(ProjectConfigurationPlatforms) = postSolution
		{1E702F9C-B445-471A-BCC8-D148686044ED}.Debug|Any CPU.ActiveCfg = Debug|Any CPU
		{1E702F9C-B445-471A-BCC8-D148686044ED}.Debug|Any CPU.Build.0 = Debug|Any CPU
		{1E702F9C-B445-471A-BCC8-D148686044ED}.Release|Any CPU.ActiveCfg = Release|Any CPU
		{1E702F9C-B445-471A-BCC8-D148686044ED}.Release|Any CPU.Build.0 = Release|Any CPU
	EndGlobalSection
	GlobalSection(SolutionProperties) = preSolution
		HideSolutionNode = FALSE
	EndGlobalSection
	GlobalSection(ExtensibilityGlobals) = postSolution
		SolutionGuid = {AD4E961C-ABFB-4F9B-8960-95CB10F8EAD0}
	EndGlobalSection
EndGlobal
